{
    "name": "camera",
    "version": "0.0.3",
    "lockfileVersion": 1,
    "requires": true,
    "dependencies": {
        "@edgeros/jsre-camera-src": {
            "version": "1.0.2",
            "resolved": "https://registry.npmjs.org/@edgeros/jsre-camera-src/-/jsre-camera-src-1.0.2.tgz",
            "integrity": "sha512-3LYpDgWnwsXZMTdnsk9LAbJ5fHa8OmeSeQZOVcTmVQk3Ea/Rxi1YSyXRW1BT7F0JySgFoEuBA/G33b24ojWPiA=="
        },
        "@edgeros/jsre-medias": {
            "version": "1.0.2",
            "resolved": "https://registry.npmjs.org/@edgeros/jsre-medias/-/jsre-medias-1.0.2.tgz",
            "integrity": "sha512-RwO0DRKTemBbjCQautLcYZTXptt1kJHJ/8PDuIxiZwmi1Hse64+Ux3n+oAH/OtgGoWLlFp2+uS1dvm/OHZfLeA==",
            "requires": {
                "@edgeros/jsre-onvif": "~1"
            }
        },
        "@edgeros/jsre-onvif": {
            "version": "1.0.0",
            "resolved": "https://registry.npmjs.org/@edgeros/jsre-onvif/-/jsre-onvif-1.0.0.tgz",
            "integrity": "sha512-Y5ktHVDJNmtbxRTsT7DIP7K58c0yfL2R/pye/omOezfqvmCY3iT7v8TylpsUfHCx2Q8GoS/2PZYXb0+1zU4ptA=="
        }
    }
}
